// !$*UTF8*$!
{
	archiveVersion = 1;
	classes = {
	};
	objectVersion = 50;
	objects = {

/* Begin PBXBuildFile section */
		EA18CBD8285DAB6E00A6765C /* AppDelegate.swift in Sources */ = {isa = PBXBuildFile; fileRef = EA18CBD7285DAB6E00A6765C /* AppDelegate.swift */; };
		EA18CBDA285DAB6E00A6765C /* SceneDelegate.swift in Sources */ = {isa = PBXBuildFile; fileRef = EA18CBD9285DAB6E00A6765C /* SceneDelegate.swift */; };
		EA18CBDF285DAB6E00A6765C /* Main.storyboard in Resources */ = {isa = PBXBuildFile; fileRef = EA18CBDD285DAB6E00A6765C /* Main.storyboard */; };
		EA18CBE1285DAB7000A6765C /* Assets.xcassets in Resources */ = {isa = PBXBuildFile; fileRef = EA18CBE0285DAB7000A6765C /* Assets.xcassets */; };
		EA18CBE4285DAB7000A6765C /* LaunchScreen.storyboard in Resources */ = {isa = PBXBuildFile; fileRef = EA18CBE2285DAB7000A6765C /* LaunchScreen.storyboard */; };
		EA3E2E2E2869F4390068649F /* DockItem+CoreDataClass.swift in Sources */ = {isa = PBXBuildFile; fileRef = EA3E2E2C2869F4390068649F /* DockItem+CoreDataClass.swift */; };
		EA3E2E2F2869F4390068649F /* DockItem+CoreDataProperties.swift in Sources */ = {isa = PBXBuildFile; fileRef = EA3E2E2D2869F4390068649F /* DockItem+CoreDataProperties.swift */; };
		EA4F8C672860D466000C8FE8 /* DockViewController.swift in Sources */ = {isa = PBXBuildFile; fileRef = EA4F8C662860D466000C8FE8 /* DockViewController.swift */; };
		EA7723AE2892E62C0009759C /* UserDefaults+Extensions.swift in Sources */ = {isa = PBXBuildFile; fileRef = EA7723AD2892E62C0009759C /* UserDefaults+Extensions.swift */; };
		EA8014572871ACC500355030 /* EditViewController.swift in Sources */ = {isa = PBXBuildFile; fileRef = EA8014562871ACC500355030 /* EditViewController.swift */; };
		EAB7A849285E0D76000BA543 /* OnboardingViewController.swift in Sources */ = {isa = PBXBuildFile; fileRef = EAB7A848285E0D76000BA543 /* OnboardingViewController.swift */; };
		EAB7A84E285E1688000BA543 /* UIView+Extensions.swift in Sources */ = {isa = PBXBuildFile; fileRef = EAB7A84D285E1688000BA543 /* UIView+Extensions.swift */; };
		EAB7A852285E176F000BA543 /* OnboardingSlide.swift in Sources */ = {isa = PBXBuildFile; fileRef = EAB7A851285E176F000BA543 /* OnboardingSlide.swift */; };
		EAB7A855285E19FF000BA543 /* OnboardingCollectionViewCell.swift in Sources */ = {isa = PBXBuildFile; fileRef = EAB7A854285E19FF000BA543 /* OnboardingCollectionViewCell.swift */; };
		EABBE9A9286CBE9300DE715A /* ToDoViewController.swift in Sources */ = {isa = PBXBuildFile; fileRef = EABBE9A8286CBE9300DE715A /* ToDoViewController.swift */; };
		EABD6326285F72AF00742824 /* UserInputViewController.swift in Sources */ = {isa = PBXBuildFile; fileRef = EABD6325285F72AF00742824 /* UserInputViewController.swift */; };
		EABD632A285F8BDD00742824 /* Docket.xcdatamodeld in Sources */ = {isa = PBXBuildFile; fileRef = EABD6328285F8BDD00742824 /* Docket.xcdatamodeld */; };
/* End PBXBuildFile section */

/* Begin PBXFileReference section */
		EA18CBD4285DAB6E00A6765C /* Docket.app */ = {isa = PBXFileReference; explicitFileType = wrapper.application; includeInIndex = 0; path = Docket.app; sourceTree = BUILT_PRODUCTS_DIR; };
		EA18CBD7285DAB6E00A6765C /* AppDelegate.swift */ = {isa = PBXFileReference; lastKnownFileType = sourcecode.swift; path = AppDelegate.swift; sourceTree = "<group>"; };
		EA18CBD9285DAB6E00A6765C /* SceneDelegate.swift */ = {isa = PBXFileReference; lastKnownFileType = sourcecode.swift; path = SceneDelegate.swift; sourceTree = "<group>"; };
		EA18CBDE285DAB6E00A6765C /* Base */ = {isa = PBXFileReference; lastKnownFileType = file.storyboard; name = Base; path = Base.lproj/Main.storyboard; sourceTree = "<group>"; };
		EA18CBE0285DAB7000A6765C /* Assets.xcassets */ = {isa = PBXFileReference; lastKnownFileType = folder.assetcatalog; path = Assets.xcassets; sourceTree = "<group>"; };
		EA18CBE3285DAB7000A6765C /* Base */ = {isa = PBXFileReference; lastKnownFileType = file.storyboard; name = Base; path = Base.lproj/LaunchScreen.storyboard; sourceTree = "<group>"; };
		EA18CBE5285DAB7000A6765C /* Info.plist */ = {isa = PBXFileReference; lastKnownFileType = text.plist.xml; path = Info.plist; sourceTree = "<group>"; };
		EA3E2E2C2869F4390068649F /* DockItem+CoreDataClass.swift */ = {isa = PBXFileReference; lastKnownFileType = sourcecode.swift; path = "DockItem+CoreDataClass.swift"; sourceTree = "<group>"; };
		EA3E2E2D2869F4390068649F /* DockItem+CoreDataProperties.swift */ = {isa = PBXFileReference; lastKnownFileType = sourcecode.swift; path = "DockItem+CoreDataProperties.swift"; sourceTree = "<group>"; };
		EA4F8C662860D466000C8FE8 /* DockViewController.swift */ = {isa = PBXFileReference; lastKnownFileType = sourcecode.swift; path = DockViewController.swift; sourceTree = "<group>"; };
		EA7723AD2892E62C0009759C /* UserDefaults+Extensions.swift */ = {isa = PBXFileReference; lastKnownFileType = sourcecode.swift; path = "UserDefaults+Extensions.swift"; sourceTree = "<group>"; };
		EA8014562871ACC500355030 /* EditViewController.swift */ = {isa = PBXFileReference; lastKnownFileType = sourcecode.swift; path = EditViewController.swift; sourceTree = "<group>"; };
		EAB7A848285E0D76000BA543 /* OnboardingViewController.swift */ = {isa = PBXFileReference; lastKnownFileType = sourcecode.swift; path = OnboardingViewController.swift; sourceTree = "<group>"; };
		EAB7A84D285E1688000BA543 /* UIView+Extensions.swift */ = {isa = PBXFileReference; lastKnownFileType = sourcecode.swift; path = "UIView+Extensions.swift"; sourceTree = "<group>"; };
		EAB7A851285E176F000BA543 /* OnboardingSlide.swift */ = {isa = PBXFileReference; lastKnownFileType = sourcecode.swift; path = OnboardingSlide.swift; sourceTree = "<group>"; };
		EAB7A854285E19FF000BA543 /* OnboardingCollectionViewCell.swift */ = {isa = PBXFileReference; lastKnownFileType = sourcecode.swift; path = OnboardingCollectionViewCell.swift; sourceTree = "<group>"; };
		EABBE9A8286CBE9300DE715A /* ToDoViewController.swift */ = {isa = PBXFileReference; lastKnownFileType = sourcecode.swift; path = ToDoViewController.swift; sourceTree = "<group>"; };
		EABD6325285F72AF00742824 /* UserInputViewController.swift */ = {isa = PBXFileReference; lastKnownFileType = sourcecode.swift; path = UserInputViewController.swift; sourceTree = "<group>"; };
		EABD6329285F8BDD00742824 /* Docket.xcdatamodel */ = {isa = PBXFileReference; lastKnownFileType = wrapper.xcdatamodel; path = Docket.xcdatamodel; sourceTree = "<group>"; };
/* End PBXFileReference section */

/* Begin PBXFrameworksBuildPhase section */
		EA18CBD1285DAB6E00A6765C /* Frameworks */ = {
			isa = PBXFrameworksBuildPhase;
			buildActionMask = 2147483647;
			files = (
			);
			runOnlyForDeploymentPostprocessing = 0;
		};
/* End PBXFrameworksBuildPhase section */

/* Begin PBXGroup section */
		EA18CBCB285DAB6E00A6765C = {
			isa = PBXGroup;
			children = (
				EA18CBD6285DAB6E00A6765C /* Docket */,
				EA18CBD5285DAB6E00A6765C /* Products */,
			);
			sourceTree = "<group>";
		};
		EA18CBD5285DAB6E00A6765C /* Products */ = {
			isa = PBXGroup;
			children = (
				EA18CBD4285DAB6E00A6765C /* Docket.app */,
			);
			name = Products;
			sourceTree = "<group>";
		};
		EA18CBD6285DAB6E00A6765C /* Docket */ = {
			isa = PBXGroup;
			children = (
				EA3E2E322869F4BD0068649F /* DockItem */,
				EAB7A84C285E1659000BA543 /* Extensions */,
				EAB7A846285E0D29000BA543 /* CustomViews */,
				EAB7A845285E0D1A000BA543 /* Views */,
				EAB7A844285E0D08000BA543 /* Models */,
				EA18CBD7285DAB6E00A6765C /* AppDelegate.swift */,
				EA18CBD9285DAB6E00A6765C /* SceneDelegate.swift */,
				EA18CBDD285DAB6E00A6765C /* Main.storyboard */,
				EA18CBE0285DAB7000A6765C /* Assets.xcassets */,
				EA18CBE2285DAB7000A6765C /* LaunchScreen.storyboard */,
				EA18CBE5285DAB7000A6765C /* Info.plist */,
				EABD6328285F8BDD00742824 /* Docket.xcdatamodeld */,
			);
			path = Docket;
			sourceTree = "<group>";
		};
		EA3E2E322869F4BD0068649F /* DockItem */ = {
			isa = PBXGroup;
			children = (
				EA3E2E2C2869F4390068649F /* DockItem+CoreDataClass.swift */,
				EA3E2E2D2869F4390068649F /* DockItem+CoreDataProperties.swift */,
			);
			path = DockItem;
			sourceTree = "<group>";
		};
		EA4F8C652860D44D000C8FE8 /* Dock */ = {
			isa = PBXGroup;
			children = (
				EA4F8C662860D466000C8FE8 /* DockViewController.swift */,
				EABBE9A8286CBE9300DE715A /* ToDoViewController.swift */,
				EA8014562871ACC500355030 /* EditViewController.swift */,
			);
			path = Dock;
			sourceTree = "<group>";
		};
		EAB7A844285E0D08000BA543 /* Models */ = {
			isa = PBXGroup;
			children = (
				EAB7A851285E176F000BA543 /* OnboardingSlide.swift */,
			);
			path = Models;
			sourceTree = "<group>";
		};
		EAB7A845285E0D1A000BA543 /* Views */ = {
			isa = PBXGroup;
			children = (
				EA4F8C652860D44D000C8FE8 /* Dock */,
				EABD6324285F727700742824 /* UserInput */,
				EAB7A847285E0D38000BA543 /* Onboarding */,
			);
			path = Views;
			sourceTree = "<group>";
		};
		EAB7A846285E0D29000BA543 /* CustomViews */ = {
			isa = PBXGroup;
			children = (
			);
			path = CustomViews;
			sourceTree = "<group>";
		};
		EAB7A847285E0D38000BA543 /* Onboarding */ = {
			isa = PBXGroup;
			children = (
				EAB7A848285E0D76000BA543 /* OnboardingViewController.swift */,
				EAB7A854285E19FF000BA543 /* OnboardingCollectionViewCell.swift */,
			);
			path = Onboarding;
			sourceTree = "<group>";
		};
		EAB7A84C285E1659000BA543 /* Extensions */ = {
			isa = PBXGroup;
			children = (
				EAB7A84D285E1688000BA543 /* UIView+Extensions.swift */,
				EA7723AD2892E62C0009759C /* UserDefaults+Extensions.swift */,
			);
			path = Extensions;
			sourceTree = "<group>";
		};
		EABD6324285F727700742824 /* UserInput */ = {
			isa = PBXGroup;
			children = (
				EABD6325285F72AF00742824 /* UserInputViewController.swift */,
			);
			path = UserInput;
			sourceTree = "<group>";
		};
/* End PBXGroup section */

/* Begin PBXNativeTarget section */
		EA18CBD3285DAB6E00A6765C /* Docket */ = {
			isa = PBXNativeTarget;
			buildConfigurationList = EA18CBE8285DAB7000A6765C /* Build configuration list for PBXNativeTarget "Docket" */;
			buildPhases = (
				EA18CBD0285DAB6E00A6765C /* Sources */,
				EA18CBD1285DAB6E00A6765C /* Frameworks */,
				EA18CBD2285DAB6E00A6765C /* Resources */,
			);
			buildRules = (
			);
			dependencies = (
			);
			name = Docket;
			productName = Docket;
			productReference = EA18CBD4285DAB6E00A6765C /* Docket.app */;
			productType = "com.apple.product-type.application";
		};
/* End PBXNativeTarget section */

/* Begin PBXProject section */
		EA18CBCC285DAB6E00A6765C /* Project object */ = {
			isa = PBXProject;
			attributes = {
				LastSwiftUpdateCheck = 1240;
				LastUpgradeCheck = 1240;
				TargetAttributes = {
					EA18CBD3285DAB6E00A6765C = {
						CreatedOnToolsVersion = 12.4;
					};
				};
			};
			buildConfigurationList = EA18CBCF285DAB6E00A6765C /* Build configuration list for PBXProject "Docket" */;
			compatibilityVersion = "Xcode 9.3";
			developmentRegion = en;
			hasScannedForEncodings = 0;
			knownRegions = (
				en,
				Base,
			);
			mainGroup = EA18CBCB285DAB6E00A6765C;
			productRefGroup = EA18CBD5285DAB6E00A6765C /* Products */;
			projectDirPath = "";
			projectRoot = "";
			targets = (
				EA18CBD3285DAB6E00A6765C /* Docket */,
			);
		};
/* End PBXProject section */

/* Begin PBXResourcesBuildPhase section */
		EA18CBD2285DAB6E00A6765C /* Resources */ = {
			isa = PBXResourcesBuildPhase;
			buildActionMask = 2147483647;
			files = (
				EA18CBE4285DAB7000A6765C /* LaunchScreen.storyboard in Resources */,
				EA18CBE1285DAB7000A6765C /* Assets.xcassets in Resources */,
				EA18CBDF285DAB6E00A6765C /* Main.storyboard in Resources */,
			);
			runOnlyForDeploymentPostprocessing = 0;
		};
/* End PBXResourcesBuildPhase section */

/* Begin PBXSourcesBuildPhase section */
		EA18CBD0285DAB6E00A6765C /* Sources */ = {
			isa = PBXSourcesBuildPhase;
			buildActionMask = 2147483647;
			files = (
				EAB7A852285E176F000BA543 /* OnboardingSlide.swift in Sources */,
				EA18CBD8285DAB6E00A6765C /* AppDelegate.swift in Sources */,
				EA4F8C672860D466000C8FE8 /* DockViewController.swift in Sources */,
				EA18CBDA285DAB6E00A6765C /* SceneDelegate.swift in Sources */,
				EA3E2E2F2869F4390068649F /* DockItem+CoreDataProperties.swift in Sources */,
				EA8014572871ACC500355030 /* EditViewController.swift in Sources */,
				EAB7A84E285E1688000BA543 /* UIView+Extensions.swift in Sources */,
				EABBE9A9286CBE9300DE715A /* ToDoViewController.swift in Sources */,
				EAB7A849285E0D76000BA543 /* OnboardingViewController.swift in Sources */,
				EABD632A285F8BDD00742824 /* Docket.xcdatamodeld in Sources */,
				EA3E2E2E2869F4390068649F /* DockItem+CoreDataClass.swift in Sources */,
				EABD6326285F72AF00742824 /* UserInputViewController.swift in Sources */,
				EA7723AE2892E62C0009759C /* UserDefaults+Extensions.swift in Sources */,
				EAB7A855285E19FF000BA543 /* OnboardingCollectionViewCell.swift in Sources */,
			);
			runOnlyForDeploymentPostprocessing = 0;
		};
/* End PBXSourcesBuildPhase section */

/* Begin PBXVariantGroup section */
		EA18CBDD285DAB6E00A6765C /* Main.storyboard */ = {
			isa = PBXVariantGroup;
			children = (
				EA18CBDE285DAB6E00A6765C /* Base */,
			);
			name = Main.storyboard;
			sourceTree = "<group>";
		};
		EA18CBE2285DAB7000A6765C /* LaunchScreen.storyboard */ = {
			isa = PBXVariantGroup;
			children = (
				EA18CBE3285DAB7000A6765C /* Base */,
			);
			name = LaunchScreen.storyboard;
			sourceTree = "<group>";
		};
/* End PBXVariantGroup section */

/* Begin XCBuildConfiguration section */
		EA18CBE6285DAB7000A6765C /* Debug */ = {
			isa = XCBuildConfiguration;
			buildSettings = {
				ALWAYS_SEARCH_USER_PATHS = NO;
				CLANG_ANALYZER_NONNULL = YES;
				CLANG_ANALYZER_NUMBER_OBJECT_CONVERSION = YES_AGGRESSIVE;
				CLANG_CXX_LANGUAGE_STANDARD = "gnu++14";
				CLANG_CXX_LIBRARY = "libc++";
				CLANG_ENABLE_MODULES = YES;
				CLANG_ENABLE_OBJC_ARC = YES;
				CLANG_ENABLE_OBJC_WEAK = YES;
				CLANG_WARN_BLOCK_CAPTURE_AUTORELEASING = YES;
				CLANG_WARN_BOOL_CONVERSION = YES;
				CLANG_WARN_COMMA = YES;
				CLANG_WARN_CONSTANT_CONVERSION = YES;
				CLANG_WARN_DEPRECATED_OBJC_IMPLEMENTATIONS = YES;
				CLANG_WARN_DIRECT_OBJC_ISA_USAGE = YES_ERROR;
				CLANG_WARN_DOCUMENTATION_COMMENTS = YES;
				CLANG_WARN_EMPTY_BODY = YES;
				CLANG_WARN_ENUM_CONVERSION = YES;
				CLANG_WARN_INFINITE_RECURSION = YES;
				CLANG_WARN_INT_CONVERSION = YES;
				CLANG_WARN_NON_LITERAL_NULL_CONVERSION = YES;
				CLANG_WARN_OBJC_IMPLICIT_RETAIN_SELF = YES;
				CLANG_WARN_OBJC_LITERAL_CONVERSION = YES;
				CLANG_WARN_OBJC_ROOT_CLASS = YES_ERROR;
				CLANG_WARN_QUOTED_INCLUDE_IN_FRAMEWORK_HEADER = YES;
				CLANG_WARN_RANGE_LOOP_ANALYSIS = YES;
				CLANG_WARN_STRICT_PROTOTYPES = YES;
				CLANG_WARN_SUSPICIOUS_MOVE = YES;
				CLANG_WARN_UNGUARDED_AVAILABILITY = YES_AGGRESSIVE;
				CLANG_WARN_UNREACHABLE_CODE = YES;
				CLANG_WARN__DUPLICATE_METHOD_MATCH = YES;
				COPY_PHASE_STRIP = NO;
				DEBUG_INFORMATION_FORMAT = dwarf;
				ENABLE_STRICT_OBJC_MSGSEND = YES;
				ENABLE_TESTABILITY = YES;
				GCC_C_LANGUAGE_STANDARD = gnu11;
				GCC_DYNAMIC_NO_PIC = NO;
				GCC_NO_COMMON_BLOCKS = YES;
				GCC_OPTIMIZATION_LEVEL = 0;
				GCC_PREPROCESSOR_DEFINITIONS = (
					"DEBUG=1",
					"$(inherited)",
				);
				GCC_WARN_64_TO_32_BIT_CONVERSION = YES;
				GCC_WARN_ABOUT_RETURN_TYPE = YES_ERROR;
				GCC_WARN_UNDECLARED_SELECTOR = YES;
				GCC_WARN_UNINITIALIZED_AUTOS = YES_AGGRESSIVE;
				GCC_WARN_UNUSED_FUNCTION = YES;
				GCC_WARN_UNUSED_VARIABLE = YES;
				IPHONEOS_DEPLOYMENT_TARGET = 14.4;
				MTL_ENABLE_DEBUG_INFO = INCLUDE_SOURCE;
				MTL_FAST_MATH = YES;
				ONLY_ACTIVE_ARCH = YES;
				SDKROOT = iphoneos;
				SWIFT_ACTIVE_COMPILATION_CONDITIONS = DEBUG;
				SWIFT_OPTIMIZATION_LEVEL = "-Onone";
			};
			name = Debug;
		};
		EA18CBE7285DAB7000A6765C /* Release */ = {
			isa = XCBuildConfiguration;
			buildSettings = {
				ALWAYS_SEARCH_USER_PATHS = NO;
				CLANG_ANALYZER_NONNULL = YES;
				CLANG_ANALYZER_NUMBER_OBJECT_CONVERSION = YES_AGGRESSIVE;
				CLANG_CXX_LANGUAGE_STANDARD = "gnu++14";
				CLANG_CXX_LIBRARY = "libc++";
				CLANG_ENABLE_MODULES = YES;
				CLANG_ENABLE_OBJC_ARC = YES;
				CLANG_ENABLE_OBJC_WEAK = YES;
				CLANG_WARN_BLOCK_CAPTURE_AUTORELEASING = YES;
				CLANG_WARN_BOOL_CONVERSION = YES;
				CLANG_WARN_COMMA = YES;
				CLANG_WARN_CONSTANT_CONVERSION = YES;
				CLANG_WARN_DEPRECATED_OBJC_IMPLEMENTATIONS = YES;
				CLANG_WARN_DIRECT_OBJC_ISA_USAGE = YES_ERROR;
				CLANG_WARN_DOCUMENTATION_COMMENTS = YES;
				CLANG_WARN_EMPTY_BODY = YES;
				CLANG_WARN_ENUM_CONVERSION = YES;
				CLANG_WARN_INFINITE_RECURSION = YES;
				CLANG_WARN_INT_CONVERSION = YES;
				CLANG_WARN_NON_LITERAL_NULL_CONVERSION = YES;
				CLANG_WARN_OBJC_IMPLICIT_RETAIN_SELF = YES;
				CLANG_WARN_OBJC_LITERAL_CONVERSION = YES;
				CLANG_WARN_OBJC_ROOT_CLASS = YES_ERROR;
				CLANG_WARN_QUOTED_INCLUDE_IN_FRAMEWORK_HEADER = YES;
				CLANG_WARN_RANGE_LOOP_ANALYSIS = YES;
				CLANG_WARN_STRICT_PROTOTYPES = YES;
				CLANG_WARN_SUSPICIOUS_MOVE = YES;
				CLANG_WARN_UNGUARDED_AVAILABILITY = YES_AGGRESSIVE;
				CLANG_WARN_UNREACHABLE_CODE = YES;
				CLANG_WARN__DUPLICATE_METHOD_MATCH = YES;
				COPY_PHASE_STRIP = NO;
				DEBUG_INFORMATION_FORMAT = "dwarf-with-dsym";
				ENABLE_NS_ASSERTIONS = NO;
				ENABLE_STRICT_OBJC_MSGSEND = YES;
				GCC_C_LANGUAGE_STANDARD = gnu11;
				GCC_NO_COMMON_BLOCKS = YES;
				GCC_WARN_64_TO_32_BIT_CONVERSION = YES;
				GCC_WARN_ABOUT_RETURN_TYPE = YES_ERROR;
				GCC_WARN_UNDECLARED_SELECTOR = YES;
				GCC_WARN_UNINITIALIZED_AUTOS = YES_AGGRESSIVE;
				GCC_WARN_UNUSED_FUNCTION = YES;
				GCC_WARN_UNUSED_VARIABLE = YES;
				IPHONEOS_DEPLOYMENT_TARGET = 14.4;
				MTL_ENABLE_DEBUG_INFO = NO;
				MTL_FAST_MATH = YES;
				SDKROOT = iphoneos;
				SWIFT_COMPILATION_MODE = wholemodule;
				SWIFT_OPTIMIZATION_LEVEL = "-O";
				VALIDATE_PRODUCT = YES;
			};
			name = Release;
		};
		EA18CBE9285DAB7000A6765C /* Debug */ = {
			isa = XCBuildConfiguration;
			buildSettings = {
				ASSETCATALOG_COMPILER_APPICON_NAME = AppIcon;
				ASSETCATALOG_COMPILER_GLOBAL_ACCENT_COLOR_NAME = AccentColor;
				CODE_SIGN_STYLE = Automatic;
				DEVELOPMENT_TEAM = W6HGKANY3U;
				INFOPLIST_FILE = Docket/Info.plist;
				LD_RUNPATH_SEARCH_PATHS = (
					"$(inherited)",
					"@executable_path/Frameworks",
				);
				PRODUCT_BUNDLE_IDENTIFIER = com.xyz.Docket;
				PRODUCT_NAME = "$(TARGET_NAME)";
				SWIFT_VERSION = 5.0;
				TARGETED_DEVICE_FAMILY = "1,2";
			};
			name = Debug;
		};
		EA18CBEA285DAB7000A6765C /* Release */ = {
			isa = XCBuildConfiguration;
			buildSettings = {
				ASSETCATALOG_COMPILER_APPICON_NAME = AppIcon;
				ASSETCATALOG_COMPILER_GLOBAL_ACCENT_COLOR_NAME = AccentColor;
				CODE_SIGN_STYLE = Automatic;
				DEVELOPMENT_TEAM = W6HGKANY3U;
				INFOPLIST_FILE = Docket/Info.plist;
				LD_RUNPATH_SEARCH_PATHS = (
					"$(inherited)",
					"@executable_path/Frameworks",
				);
				PRODUCT_BUNDLE_IDENTIFIER = com.xyz.Docket;
				PRODUCT_NAME = "$(TARGET_NAME)";
				SWIFT_VERSION = 5.0;
				TARGETED_DEVICE_FAMILY = "1,2";
			};
			name = Release;
		};
/* End XCBuildConfiguration section */

/* Begin XCConfigurationList section */
		EA18CBCF285DAB6E00A6765C /* Build configuration list for PBXProject "Docket" */ = {
			isa = XCConfigurationList;
			buildConfigurations = (
				EA18CBE6285DAB7000A6765C /* Debug */,
				EA18CBE7285DAB7000A6765C /* Release */,
			);
			defaultConfigurationIsVisible = 0;
			defaultConfigurationName = Release;
		};
		EA18CBE8285DAB7000A6765C /* Build configuration list for PBXNativeTarget "Docket" */ = {
			isa = XCConfigurationList;
			buildConfigurations = (
				EA18CBE9285DAB7000A6765C /* Debug */,
				EA18CBEA285DAB7000A6765C /* Release */,
			);
			defaultConfigurationIsVisible = 0;
			defaultConfigurationName = Release;
		};
/* End XCConfigurationList section */

/* Begin XCVersionGroup section */
		EABD6328285F8BDD00742824 /* Docket.xcdatamodeld */ = {
			isa = XCVersionGroup;
			children = (
				EABD6329285F8BDD00742824 /* Docket.xcdatamodel */,
			);
			currentVersion = EABD6329285F8BDD00742824 /* Docket.xcdatamodel */;
			path = Docket.xcdatamodeld;
			sourceTree = "<group>";
			versionGroupType = wrapper.xcdatamodel;
		};
/* End XCVersionGroup section */
	};
	rootObject = EA18CBCC285DAB6E00A6765C /* Project object */;
}
